
Microsoft Visual Studio Solution File, Format Version 12.00
Project("{FAE04EC0-301F-11D3-BF4B-00C04F79EFBC}") = "LightApi.Api", "LightApi.Api\LightApi.Api.csproj", "{2B80C229-3476-4C2C-8FF4-9D6CD6D13558}"
EndProject
Project("{FAE04EC0-301F-11D3-BF4B-00C04F79EFBC}") = "LightApi.Service", "LightApi.Service\LightApi.Service.csproj", "{D18A4054-EF25-4ACD-8113-EF9B779BD828}"
EndProject
Project("{FAE04EC0-301F-11D3-BF4B-00C04F79EFBC}") = "LightApi.Domain", "LightApi.Domain\LightApi.Domain.csproj", "{9EA41A99-59ED-411C-A2A8-F15EF232DAE0}"
EndProject
Project("{FAE04EC0-301F-11D3-BF4B-00C04F79EFBC}") = "LightApi.Core", "LightApi.Core\LightApi.Core.csproj", "{1771F1E3-787C-4A35-9A67-F1299DC113A4}"
EndProject
Project("{FAE04EC0-301F-11D3-BF4B-00C04F79EFBC}") = "LightApi.UnitTest", "LightApi.UnitTest\LightApi.UnitTest.csproj", "{78C3F048-C29E-442D-8390-F83D1AD39C1D}"
EndProject
Project("{2150E333-8FDC-42A3-9474-1A3956D46DE8}") = "1.入口", "1.入口", "{1A3C344B-2F8A-4DFD-8848-184C510B8960}"
EndProject
Project("{2150E333-8FDC-42A3-9474-1A3956D46DE8}") = "2.应用", "2.应用", "{CB0F7039-AC91-41BC-BA1A-4C4E515AE414}"
EndProject
Project("{2150E333-8FDC-42A3-9474-1A3956D46DE8}") = "3.框架", "3.框架", "{FC7DF15A-B61D-41C6-8874-8BC4399B5575}"
EndProject
Project("{2150E333-8FDC-42A3-9474-1A3956D46DE8}") = "4.测试", "4.测试", "{078A255D-2DBD-44D9-8D36-D21748E4210A}"
EndProject
Project("{FAE04EC0-301F-11D3-BF4B-00C04F79EFBC}") = "LightApi.Repository", "LightApi.Repository\LightApi.Repository.csproj", "{5A84D5A8-0136-4490-B50E-F14C434225E0}"
EndProject
Project("{2150E333-8FDC-42A3-9474-1A3956D46DE8}") = "5. Infra", "5. Infra", "{FBE0C0AF-3B66-403C-B3E4-4FF747DFA97A}"
EndProject
Project("{FAE04EC0-301F-11D3-BF4B-00C04F79EFBC}") = "LightApi.Infra", "..\src\LightApi.Infra\LightApi.Infra.csproj", "{D4E9AC05-AC7A-4D2E-B596-3BCD635F4B21}"
EndProject
Project("{2150E333-8FDC-42A3-9474-1A3956D46DE8}") = "0. 文档", "0. 文档", "{82B31624-7F8E-4B73-BEEB-463C5E46A876}"
	ProjectSection(SolutionItems) = preProject
		..\README.md = ..\README.md
		..\RELEASE_EFCore.md = ..\RELEASE_EFCore.md
		..\RELEASE_Infra.md = ..\RELEASE_Infra.md
		..\RELEASE_Mongo.md = ..\RELEASE_Mongo.md
	EndProjectSection
EndProject
Project("{FAE04EC0-301F-11D3-BF4B-00C04F79EFBC}") = "LightApi.Mongo", "..\src\LightApi.Mongo\LightApi.Mongo.csproj", "{5D3F3DAE-E368-4F91-BF5F-ED3B02CA338D}"
EndProject
Project("{FAE04EC0-301F-11D3-BF4B-00C04F79EFBC}") = "LightApi.SqlSugar", "..\src\LightApi.SqlSugar\LightApi.SqlSugar.csproj", "{04C1CDDC-C5B7-4C73-8971-CE16FB6CF462}"
EndProject
Global
	GlobalSection(SolutionConfigurationPlatforms) = preSolution
		Debug|Any CPU = Debug|Any CPU
		Release|Any CPU = Release|Any CPU
	EndGlobalSection
	GlobalSection(ProjectConfigurationPlatforms) = postSolution
		{2B80C229-3476-4C2C-8FF4-9D6CD6D13558}.Debug|Any CPU.ActiveCfg = Debug|Any CPU
		{2B80C229-3476-4C2C-8FF4-9D6CD6D13558}.Debug|Any CPU.Build.0 = Debug|Any CPU
		{2B80C229-3476-4C2C-8FF4-9D6CD6D13558}.Release|Any CPU.ActiveCfg = Release|Any CPU
		{2B80C229-3476-4C2C-8FF4-9D6CD6D13558}.Release|Any CPU.Build.0 = Release|Any CPU
		{D18A4054-EF25-4ACD-8113-EF9B779BD828}.Debug|Any CPU.ActiveCfg = Debug|Any CPU
		{D18A4054-EF25-4ACD-8113-EF9B779BD828}.Debug|Any CPU.Build.0 = Debug|Any CPU
		{D18A4054-EF25-4ACD-8113-EF9B779BD828}.Release|Any CPU.ActiveCfg = Release|Any CPU
		{D18A4054-EF25-4ACD-8113-EF9B779BD828}.Release|Any CPU.Build.0 = Release|Any CPU
		{9EA41A99-59ED-411C-A2A8-F15EF232DAE0}.Debug|Any CPU.ActiveCfg = Debug|Any CPU
		{9EA41A99-59ED-411C-A2A8-F15EF232DAE0}.Debug|Any CPU.Build.0 = Debug|Any CPU
		{9EA41A99-59ED-411C-A2A8-F15EF232DAE0}.Release|Any CPU.ActiveCfg = Release|Any CPU
		{9EA41A99-59ED-411C-A2A8-F15EF232DAE0}.Release|Any CPU.Build.0 = Release|Any CPU
		{1771F1E3-787C-4A35-9A67-F1299DC113A4}.Debug|Any CPU.ActiveCfg = Debug|Any CPU
		{1771F1E3-787C-4A35-9A67-F1299DC113A4}.Debug|Any CPU.Build.0 = Debug|Any CPU
		{1771F1E3-787C-4A35-9A67-F1299DC113A4}.Release|Any CPU.ActiveCfg = Release|Any CPU
		{1771F1E3-787C-4A35-9A67-F1299DC113A4}.Release|Any CPU.Build.0 = Release|Any CPU
		{78C3F048-C29E-442D-8390-F83D1AD39C1D}.Debug|Any CPU.ActiveCfg = Debug|Any CPU
		{78C3F048-C29E-442D-8390-F83D1AD39C1D}.Debug|Any CPU.Build.0 = Debug|Any CPU
		{78C3F048-C29E-442D-8390-F83D1AD39C1D}.Release|Any CPU.ActiveCfg = Release|Any CPU
		{78C3F048-C29E-442D-8390-F83D1AD39C1D}.Release|Any CPU.Build.0 = Release|Any CPU
		{5A84D5A8-0136-4490-B50E-F14C434225E0}.Debug|Any CPU.ActiveCfg = Debug|Any CPU
		{5A84D5A8-0136-4490-B50E-F14C434225E0}.Debug|Any CPU.Build.0 = Debug|Any CPU
		{5A84D5A8-0136-4490-B50E-F14C434225E0}.Release|Any CPU.ActiveCfg = Release|Any CPU
		{5A84D5A8-0136-4490-B50E-F14C434225E0}.Release|Any CPU.Build.0 = Release|Any CPU
		{D4E9AC05-AC7A-4D2E-B596-3BCD635F4B21}.Debug|Any CPU.ActiveCfg = Debug|Any CPU
		{D4E9AC05-AC7A-4D2E-B596-3BCD635F4B21}.Debug|Any CPU.Build.0 = Debug|Any CPU
		{D4E9AC05-AC7A-4D2E-B596-3BCD635F4B21}.Release|Any CPU.ActiveCfg = Release|Any CPU
		{D4E9AC05-AC7A-4D2E-B596-3BCD635F4B21}.Release|Any CPU.Build.0 = Release|Any CPU
		{5D3F3DAE-E368-4F91-BF5F-ED3B02CA338D}.Debug|Any CPU.ActiveCfg = Debug|Any CPU
		{5D3F3DAE-E368-4F91-BF5F-ED3B02CA338D}.Debug|Any CPU.Build.0 = Debug|Any CPU
		{5D3F3DAE-E368-4F91-BF5F-ED3B02CA338D}.Release|Any CPU.ActiveCfg = Release|Any CPU
		{5D3F3DAE-E368-4F91-BF5F-ED3B02CA338D}.Release|Any CPU.Build.0 = Release|Any CPU
		{04C1CDDC-C5B7-4C73-8971-CE16FB6CF462}.Debug|Any CPU.ActiveCfg = Debug|Any CPU
		{04C1CDDC-C5B7-4C73-8971-CE16FB6CF462}.Debug|Any CPU.Build.0 = Debug|Any CPU
		{04C1CDDC-C5B7-4C73-8971-CE16FB6CF462}.Release|Any CPU.ActiveCfg = Release|Any CPU
		{04C1CDDC-C5B7-4C73-8971-CE16FB6CF462}.Release|Any CPU.Build.0 = Release|Any CPU
	EndGlobalSection
	GlobalSection(NestedProjects) = preSolution
		{78C3F048-C29E-442D-8390-F83D1AD39C1D} = {078A255D-2DBD-44D9-8D36-D21748E4210A}
		{2B80C229-3476-4C2C-8FF4-9D6CD6D13558} = {1A3C344B-2F8A-4DFD-8848-184C510B8960}
		{1771F1E3-787C-4A35-9A67-F1299DC113A4} = {FC7DF15A-B61D-41C6-8874-8BC4399B5575}
		{9EA41A99-59ED-411C-A2A8-F15EF232DAE0} = {CB0F7039-AC91-41BC-BA1A-4C4E515AE414}
		{D18A4054-EF25-4ACD-8113-EF9B779BD828} = {CB0F7039-AC91-41BC-BA1A-4C4E515AE414}
		{5A84D5A8-0136-4490-B50E-F14C434225E0} = {CB0F7039-AC91-41BC-BA1A-4C4E515AE414}
		{D4E9AC05-AC7A-4D2E-B596-3BCD635F4B21} = {FBE0C0AF-3B66-403C-B3E4-4FF747DFA97A}
		{5D3F3DAE-E368-4F91-BF5F-ED3B02CA338D} = {FBE0C0AF-3B66-403C-B3E4-4FF747DFA97A}
		{04C1CDDC-C5B7-4C73-8971-CE16FB6CF462} = {FBE0C0AF-3B66-403C-B3E4-4FF747DFA97A}
	EndGlobalSection
EndGlobal
