
Microsoft Visual Studio Solution File, Format Version 12.00
Project("{FAE04EC0-301F-11D3-BF4B-00C04F79EFBC}") = "LightApi.Infra", "LightApi.Infra\LightApi.Infra.csproj", "{A8D37629-9FA4-4FEC-8E51-1509F1715036}"
EndProject
Project("{FAE04EC0-301F-11D3-BF4B-00C04F79EFBC}") = "LightApi.EFCore", "LightApi.EFCore\LightApi.EFCore.csproj", "{97FA3721-3214-4F21-ADE7-29B623F2A0E1}"
EndProject
Project("{FAE04EC0-301F-11D3-BF4B-00C04F79EFBC}") = "LightApi.EFCore.SqlServer", "LightApi.EFCore.SqlServer\LightApi.EFCore.SqlServer.csproj", "{A41D8867-87FE-4C33-95CB-A23AF39C8825}"
EndProject
Project("{FAE04EC0-301F-11D3-BF4B-00C04F79EFBC}") = "LightApi.EFCore.MySql", "LightApi.EFCore.MySql\LightApi.EFCore.MySql.csproj", "{005A81DE-716D-477A-89B7-B07D216073BA}"
EndProject
Project("{FAE04EC0-301F-11D3-BF4B-00C04F79EFBC}") = "LightApi.Mongo", "LightApi.Mongo\LightApi.Mongo.csproj", "{5DA12E95-F1B8-4DC1-9448-1C931EDB2ECC}"
EndProject
Project("{2150E333-8FDC-42A3-9474-1A3956D46DE8}") = "doc", "doc", "{F364DABB-647A-4E87-A1DA-16CA1A688260}"
	ProjectSection(SolutionItems) = preProject
		..\README.md = ..\README.md
		..\RELEASE_EFCore.md = ..\RELEASE_EFCore.md
		..\RELEASE_Infra.md = ..\RELEASE_Infra.md
		..\RELEASE_SqlSugar.md = ..\RELEASE_SqlSugar.md
		..\RELEASE_Mongo.md = ..\RELEASE_Mongo.md
	EndProjectSection
EndProject
Project("{FAE04EC0-301F-11D3-BF4B-00C04F79EFBC}") = "LightApi.SqlSugar", "LightApi.SqlSugar\LightApi.SqlSugar.csproj", "{E728CFD3-02AA-4B32-8D01-2F00FCB11D33}"
EndProject
Project("{FAE04EC0-301F-11D3-BF4B-00C04F79EFBC}") = "LightApi.UnitTest", "LightApi.UnitTest\LightApi.UnitTest.csproj", "{1EB2433E-5D94-4E5C-B60E-52013F1280BD}"
EndProject
Project("{FAE04EC0-301F-11D3-BF4B-00C04F79EFBC}") = "MultiEfCoreDbContextSample", "..\samples\MultiEfCoreDbContextSample\MultiEfCoreDbContextSample.csproj", "{BEF7095D-56D9-4128-BBD0-1E4D85B6CAF3}"
EndProject
Project("{2150E333-8FDC-42A3-9474-1A3956D46DE8}") = "sample", "sample", "{71D073E8-619F-493F-B911-24B1C73E8D4B}"
EndProject
Project("{FAE04EC0-301F-11D3-BF4B-00C04F79EFBC}") = "LightApi.Sample", "LightApi.Sample\LightApi.Sample.csproj", "{950EC586-67F5-4533-A3A0-A7FB14667C13}"
EndProject
Project("{FAE04EC0-301F-11D3-BF4B-00C04F79EFBC}") = "LightApi.EFCore.Sqlite", "LightApi.EFCore.Sqlite\LightApi.EFCore.Sqlite.csproj", "{964EA14C-59A7-4AB7-93B6-BE01A03B86FF}"
EndProject
Project("{FAE04EC0-301F-11D3-BF4B-00C04F79EFBC}") = "LightApi.Common", "LightApi.Common\LightApi.Common.csproj", "{72B0D8F6-67A8-4478-BF17-4D6E2DF9335F}"
EndProject
Global
	GlobalSection(SolutionConfigurationPlatforms) = preSolution
		Debug|Any CPU = Debug|Any CPU
		Release|Any CPU = Release|Any CPU
	EndGlobalSection
	GlobalSection(ProjectConfigurationPlatforms) = postSolution
		{A8D37629-9FA4-4FEC-8E51-1509F1715036}.Debug|Any CPU.ActiveCfg = Debug|Any CPU
		{A8D37629-9FA4-4FEC-8E51-1509F1715036}.Debug|Any CPU.Build.0 = Debug|Any CPU
		{A8D37629-9FA4-4FEC-8E51-1509F1715036}.Release|Any CPU.ActiveCfg = Release|Any CPU
		{A8D37629-9FA4-4FEC-8E51-1509F1715036}.Release|Any CPU.Build.0 = Release|Any CPU
		{97FA3721-3214-4F21-ADE7-29B623F2A0E1}.Debug|Any CPU.ActiveCfg = Debug|Any CPU
		{97FA3721-3214-4F21-ADE7-29B623F2A0E1}.Debug|Any CPU.Build.0 = Debug|Any CPU
		{97FA3721-3214-4F21-ADE7-29B623F2A0E1}.Release|Any CPU.ActiveCfg = Release|Any CPU
		{97FA3721-3214-4F21-ADE7-29B623F2A0E1}.Release|Any CPU.Build.0 = Release|Any CPU
		{A41D8867-87FE-4C33-95CB-A23AF39C8825}.Debug|Any CPU.ActiveCfg = Debug|Any CPU
		{A41D8867-87FE-4C33-95CB-A23AF39C8825}.Debug|Any CPU.Build.0 = Debug|Any CPU
		{A41D8867-87FE-4C33-95CB-A23AF39C8825}.Release|Any CPU.ActiveCfg = Release|Any CPU
		{A41D8867-87FE-4C33-95CB-A23AF39C8825}.Release|Any CPU.Build.0 = Release|Any CPU
		{005A81DE-716D-477A-89B7-B07D216073BA}.Debug|Any CPU.ActiveCfg = Debug|Any CPU
		{005A81DE-716D-477A-89B7-B07D216073BA}.Debug|Any CPU.Build.0 = Debug|Any CPU
		{005A81DE-716D-477A-89B7-B07D216073BA}.Release|Any CPU.ActiveCfg = Release|Any CPU
		{005A81DE-716D-477A-89B7-B07D216073BA}.Release|Any CPU.Build.0 = Release|Any CPU
		{5DA12E95-F1B8-4DC1-9448-1C931EDB2ECC}.Debug|Any CPU.ActiveCfg = Debug|Any CPU
		{5DA12E95-F1B8-4DC1-9448-1C931EDB2ECC}.Debug|Any CPU.Build.0 = Debug|Any CPU
		{5DA12E95-F1B8-4DC1-9448-1C931EDB2ECC}.Release|Any CPU.ActiveCfg = Release|Any CPU
		{5DA12E95-F1B8-4DC1-9448-1C931EDB2ECC}.Release|Any CPU.Build.0 = Release|Any CPU
		{E728CFD3-02AA-4B32-8D01-2F00FCB11D33}.Debug|Any CPU.ActiveCfg = Debug|Any CPU
		{E728CFD3-02AA-4B32-8D01-2F00FCB11D33}.Debug|Any CPU.Build.0 = Debug|Any CPU
		{E728CFD3-02AA-4B32-8D01-2F00FCB11D33}.Release|Any CPU.ActiveCfg = Release|Any CPU
		{E728CFD3-02AA-4B32-8D01-2F00FCB11D33}.Release|Any CPU.Build.0 = Release|Any CPU
		{1EB2433E-5D94-4E5C-B60E-52013F1280BD}.Debug|Any CPU.ActiveCfg = Debug|Any CPU
		{1EB2433E-5D94-4E5C-B60E-52013F1280BD}.Debug|Any CPU.Build.0 = Debug|Any CPU
		{1EB2433E-5D94-4E5C-B60E-52013F1280BD}.Release|Any CPU.ActiveCfg = Release|Any CPU
		{1EB2433E-5D94-4E5C-B60E-52013F1280BD}.Release|Any CPU.Build.0 = Release|Any CPU
		{BEF7095D-56D9-4128-BBD0-1E4D85B6CAF3}.Debug|Any CPU.ActiveCfg = Debug|Any CPU
		{BEF7095D-56D9-4128-BBD0-1E4D85B6CAF3}.Debug|Any CPU.Build.0 = Debug|Any CPU
		{BEF7095D-56D9-4128-BBD0-1E4D85B6CAF3}.Release|Any CPU.ActiveCfg = Release|Any CPU
		{BEF7095D-56D9-4128-BBD0-1E4D85B6CAF3}.Release|Any CPU.Build.0 = Release|Any CPU
		{950EC586-67F5-4533-A3A0-A7FB14667C13}.Debug|Any CPU.ActiveCfg = Debug|Any CPU
		{950EC586-67F5-4533-A3A0-A7FB14667C13}.Debug|Any CPU.Build.0 = Debug|Any CPU
		{950EC586-67F5-4533-A3A0-A7FB14667C13}.Release|Any CPU.ActiveCfg = Release|Any CPU
		{950EC586-67F5-4533-A3A0-A7FB14667C13}.Release|Any CPU.Build.0 = Release|Any CPU
		{964EA14C-59A7-4AB7-93B6-BE01A03B86FF}.Debug|Any CPU.ActiveCfg = Debug|Any CPU
		{964EA14C-59A7-4AB7-93B6-BE01A03B86FF}.Debug|Any CPU.Build.0 = Debug|Any CPU
		{964EA14C-59A7-4AB7-93B6-BE01A03B86FF}.Release|Any CPU.ActiveCfg = Release|Any CPU
		{964EA14C-59A7-4AB7-93B6-BE01A03B86FF}.Release|Any CPU.Build.0 = Release|Any CPU
		{72B0D8F6-67A8-4478-BF17-4D6E2DF9335F}.Debug|Any CPU.ActiveCfg = Debug|Any CPU
		{72B0D8F6-67A8-4478-BF17-4D6E2DF9335F}.Debug|Any CPU.Build.0 = Debug|Any CPU
		{72B0D8F6-67A8-4478-BF17-4D6E2DF9335F}.Release|Any CPU.ActiveCfg = Release|Any CPU
		{72B0D8F6-67A8-4478-BF17-4D6E2DF9335F}.Release|Any CPU.Build.0 = Release|Any CPU
	EndGlobalSection
	GlobalSection(NestedProjects) = preSolution
		{BEF7095D-56D9-4128-BBD0-1E4D85B6CAF3} = {71D073E8-619F-493F-B911-24B1C73E8D4B}
		{950EC586-67F5-4533-A3A0-A7FB14667C13} = {71D073E8-619F-493F-B911-24B1C73E8D4B}
	EndGlobalSection
EndGlobal
